
Microsoft Visual Studio Solution File, Format Version 12.00
Project("{FAE04EC0-301F-11D3-BF4B-00C04F79EFBC}") = "Autobusy.UI", "Autobusy.UI\Autobusy.UI.csproj", "{9278260E-35EA-4051-B152-FAFAB3DF87BA}"
EndProject
Global
	GlobalSection(SolutionConfigurationPlatforms) = preSolution
		Debug|Any CPU = Debug|Any CPU
		Release|Any CPU = Release|Any CPU
	EndGlobalSection
	GlobalSection(ProjectConfigurationPlatforms) = postSolution
		{9278260E-35EA-4051-B152-FAFAB3DF87BA}.Debug|Any CPU.ActiveCfg = Debug|Any CPU
		{9278260E-35EA-4051-B152-FAFAB3DF87BA}.Debug|Any CPU.Build.0 = Debug|Any CPU
		{9278260E-35EA-4051-B152-FAFAB3DF87BA}.Release|Any CPU.ActiveCfg = Release|Any CPU
		{9278260E-35EA-4051-B152-FAFAB3DF87BA}.Release|Any CPU.Build.0 = Release|Any CPU
	EndGlobalSection
EndGlobal
